Microsoft Visual Studio Solution File, Format Version 8.00
Project("{8BC9CEB8-8B4A-11D0-8D11-00A0C91BC942}") = "kdtree_create", "kdtree_create\kdtree_create.vcproj", "{B58FE843-3E27-460C-9D21-E3E90A47FCE3}"
	ProjectSection(ProjectDependencies) = postProject
	EndProjectSection
EndProject
Project("{8BC9CEB8-8B4A-11D0-8D11-00A0C91BC942}") = "kdtree_closestpoint", "kdtree_closestpoint\kdtree_closestpoint.vcproj", "{9CE9503E-ABBD-4A52-A5B9-389E75DE538B}"
	ProjectSection(ProjectDependencies) = postProject
	EndProjectSection
EndProject
Project("{8BC9CEB8-8B4A-11D0-8D11-00A0C91BC942}") = "kdtree_range", "kdtree_range\kdtree_range.vcproj", "{065F53BF-8593-4880-8212-4C7CD9CAEF66}"
	ProjectSection(ProjectDependencies) = postProject
	EndProjectSection
EndProject
Global
	GlobalSection(SolutionConfiguration) = preSolution
		Debug = Debug
		Release = Release
	EndGlobalSection
	GlobalSection(ProjectConfiguration) = postSolution
		{B58FE843-3E27-460C-9D21-E3E90A47FCE3}.Debug.ActiveCfg = Debug|Win32
		{B58FE843-3E27-460C-9D21-E3E90A47FCE3}.Debug.Build.0 = Debug|Win32
		{B58FE843-3E27-460C-9D21-E3E90A47FCE3}.Release.ActiveCfg = Release|Win32
		{B58FE843-3E27-460C-9D21-E3E90A47FCE3}.Release.Build.0 = Release|Win32
		{9CE9503E-ABBD-4A52-A5B9-389E75DE538B}.Debug.ActiveCfg = Debug|Win32
		{9CE9503E-ABBD-4A52-A5B9-389E75DE538B}.Debug.Build.0 = Debug|Win32
		{9CE9503E-ABBD-4A52-A5B9-389E75DE538B}.Release.ActiveCfg = Release|Win32
		{9CE9503E-ABBD-4A52-A5B9-389E75DE538B}.Release.Build.0 = Release|Win32
		{065F53BF-8593-4880-8212-4C7CD9CAEF66}.Debug.ActiveCfg = Debug|Win32
		{065F53BF-8593-4880-8212-4C7CD9CAEF66}.Debug.Build.0 = Debug|Win32
		{065F53BF-8593-4880-8212-4C7CD9CAEF66}.Release.ActiveCfg = Release|Win32
		{065F53BF-8593-4880-8212-4C7CD9CAEF66}.Release.Build.0 = Release|Win32
	EndGlobalSection
	GlobalSection(ExtensibilityGlobals) = postSolution
	EndGlobalSection
	GlobalSection(ExtensibilityAddIns) = postSolution
	EndGlobalSection
EndGlobal
